
Microsoft Visual Studio Solution File, Format Version 12.00
# Visual Studio Version 17
VisualStudioVersion = 17.7.34031.279
MinimumVisualStudioVersion = 10.0.40219.1
Project("{FAE04EC0-301F-11D3-BF4B-00C04F79EFBC}") = "WebAplicacion", "WebAplicacion.csproj", "{BABAFDE3-4CA5-4A80-BEAC-70845A381753}"
EndProject
Global
	GlobalSection(SolutionConfigurationPlatforms) = preSolution
		Debug|Any CPU = Debug|Any CPU
		Release|Any CPU = Release|Any CPU
	EndGlobalSection
	GlobalSection(ProjectConfigurationPlatforms) = postSolution
		{BABAFDE3-4CA5-4A80-BEAC-70845A381753}.Debug|Any CPU.ActiveCfg = Debug|Any CPU
		{BABAFDE3-4CA5-4A80-BEAC-70845A381753}.Debug|Any CPU.Build.0 = Debug|Any CPU
		{BABAFDE3-4CA5-4A80-BEAC-70845A381753}.Release|Any CPU.ActiveCfg = Release|Any CPU
		{BABAFDE3-4CA5-4A80-BEAC-70845A381753}.Release|Any CPU.Build.0 = Release|Any CPU
	EndGlobalSection
	GlobalSection(SolutionProperties) = preSolution
		HideSolutionNode = FALSE
	EndGlobalSection
	GlobalSection(ExtensibilityGlobals) = postSolution
		SolutionGuid = {8A0DE088-E757-47ED-9794-6D2C07451B29}
	EndGlobalSection
EndGlobal
